// !$*UTF8*$!
{
	archiveVersion = 1;
	classes = {
	};
	objectVersion = 51;
	objects = {

/* Begin PBXBuildFile section */
		D70DE5C4E6E6BA19F8F003F0 /* Pods_Clima.framework in Frameworks */ = {isa = PBXBuildFile; fileRef = D806A435A80423B15BA0A517 /* Pods_Clima.framework */; };
		D967F8F024E6798C00D1BD54 /* AppDelegate.swift in Sources */ = {isa = PBXBuildFile; fileRef = D967F8EF24E6798C00D1BD54 /* AppDelegate.swift */; };
		D967F8F224E6798C00D1BD54 /* SceneDelegate.swift in Sources */ = {isa = PBXBuildFile; fileRef = D967F8F124E6798C00D1BD54 /* SceneDelegate.swift */; };
		D967F8F424E6798C00D1BD54 /* WeatherViewController.swift in Sources */ = {isa = PBXBuildFile; fileRef = D967F8F324E6798C00D1BD54 /* WeatherViewController.swift */; };
		D967F8F724E6798C00D1BD54 /* Main.storyboard in Resources */ = {isa = PBXBuildFile; fileRef = D967F8F524E6798C00D1BD54 /* Main.storyboard */; };
		D967F8F924E6798D00D1BD54 /* Assets.xcassets in Resources */ = {isa = PBXBuildFile; fileRef = D967F8F824E6798D00D1BD54 /* Assets.xcassets */; };
		D967F8FC24E6798D00D1BD54 /* LaunchScreen.storyboard in Resources */ = {isa = PBXBuildFile; fileRef = D967F8FA24E6798D00D1BD54 /* LaunchScreen.storyboard */; };
		D967F90724E67A4600D1BD54 /* WeatherDataModel.swift in Sources */ = {isa = PBXBuildFile; fileRef = D967F90624E67A4600D1BD54 /* WeatherDataModel.swift */; };
		D967F90924E67B5600D1BD54 /* ChangeCityViewController.swift in Sources */ = {isa = PBXBuildFile; fileRef = D967F90824E67B5600D1BD54 /* ChangeCityViewController.swift */; };
/* End PBXBuildFile section */

/* Begin PBXFileReference section */
		33A7209D0A7E6F1F843EF70B /* Pods-Clima.release.xcconfig */ = {isa = PBXFileReference; includeInIndex = 1; lastKnownFileType = text.xcconfig; name = "Pods-Clima.release.xcconfig"; path = "Target Support Files/Pods-Clima/Pods-Clima.release.xcconfig"; sourceTree = "<group>"; };
		D806A435A80423B15BA0A517 /* Pods_Clima.framework */ = {isa = PBXFileReference; explicitFileType = wrapper.framework; includeInIndex = 0; path = Pods_Clima.framework; sourceTree = BUILT_PRODUCTS_DIR; };
		D967F8EC24E6798C00D1BD54 /* Clima.app */ = {isa = PBXFileReference; explicitFileType = wrapper.application; includeInIndex = 0; path = Clima.app; sourceTree = BUILT_PRODUCTS_DIR; };
		D967F8EF24E6798C00D1BD54 /* AppDelegate.swift */ = {isa = PBXFileReference; lastKnownFileType = sourcecode.swift; path = AppDelegate.swift; sourceTree = "<group>"; };
		D967F8F124E6798C00D1BD54 /* SceneDelegate.swift */ = {isa = PBXFileReference; lastKnownFileType = sourcecode.swift; path = SceneDelegate.swift; sourceTree = "<group>"; };
		D967F8F324E6798C00D1BD54 /* WeatherViewController.swift */ = {isa = PBXFileReference; lastKnownFileType = sourcecode.swift; path = WeatherViewController.swift; sourceTree = "<group>"; };
		D967F8F624E6798C00D1BD54 /* Base */ = {isa = PBXFileReference; lastKnownFileType = file.storyboard; name = Base; path = Base.lproj/Main.storyboard; sourceTree = "<group>"; };
		D967F8F824E6798D00D1BD54 /* Assets.xcassets */ = {isa = PBXFileReference; lastKnownFileType = folder.assetcatalog; path = Assets.xcassets; sourceTree = "<group>"; };
		D967F8FB24E6798D00D1BD54 /* Base */ = {isa = PBXFileReference; lastKnownFileType = file.storyboard; name = Base; path = Base.lproj/LaunchScreen.storyboard; sourceTree = "<group>"; };
		D967F8FD24E6798D00D1BD54 /* Info.plist */ = {isa = PBXFileReference; lastKnownFileType = text.plist.xml; path = Info.plist; sourceTree = "<group>"; };
		D967F90624E67A4600D1BD54 /* WeatherDataModel.swift */ = {isa = PBXFileReference; lastKnownFileType = sourcecode.swift; path = WeatherDataModel.swift; sourceTree = "<group>"; };
		D967F90824E67B5600D1BD54 /* ChangeCityViewController.swift */ = {isa = PBXFileReference; lastKnownFileType = sourcecode.swift; path = ChangeCityViewController.swift; sourceTree = "<group>"; };
		FB1C62979143B63BB5256950 /* Pods-Clima.debug.xcconfig */ = {isa = PBXFileReference; includeInIndex = 1; lastKnownFileType = text.xcconfig; name = "Pods-Clima.debug.xcconfig"; path = "Target Support Files/Pods-Clima/Pods-Clima.debug.xcconfig"; sourceTree = "<group>"; };
/* End PBXFileReference section */

/* Begin PBXFrameworksBuildPhase section */
		D967F8E924E6798C00D1BD54 /* Frameworks */ = {
			isa = PBXFrameworksBuildPhase;
			buildActionMask = 2147483647;
			files = (
				D70DE5C4E6E6BA19F8F003F0 /* Pods_Clima.framework in Frameworks */,
			);
			runOnlyForDeploymentPostprocessing = 0;
		};
/* End PBXFrameworksBuildPhase section */

/* Begin PBXGroup section */
		02007806D0F6623AD3370804 /* Frameworks */ = {
			isa = PBXGroup;
			children = (
				D806A435A80423B15BA0A517 /* Pods_Clima.framework */,
			);
			name = Frameworks;
			sourceTree = "<group>";
		};
		24A310AA6BD82C220CE61A10 /* Pods */ = {
			isa = PBXGroup;
			children = (
				FB1C62979143B63BB5256950 /* Pods-Clima.debug.xcconfig */,
				33A7209D0A7E6F1F843EF70B /* Pods-Clima.release.xcconfig */,
			);
			path = Pods;
			sourceTree = "<group>";
		};
		D967F8E324E6798C00D1BD54 = {
			isa = PBXGroup;
			children = (
				D967F8EE24E6798C00D1BD54 /* Clima */,
				D967F8ED24E6798C00D1BD54 /* Products */,
				24A310AA6BD82C220CE61A10 /* Pods */,
				02007806D0F6623AD3370804 /* Frameworks */,
			);
			sourceTree = "<group>";
		};
		D967F8ED24E6798C00D1BD54 /* Products */ = {
			isa = PBXGroup;
			children = (
				D967F8EC24E6798C00D1BD54 /* Clima.app */,
			);
			name = Products;
			sourceTree = "<group>";
		};
		D967F8EE24E6798C00D1BD54 /* Clima */ = {
			isa = PBXGroup;
			children = (
				D967F90424E679F200D1BD54 /* Model */,
				D967F90324E679EA00D1BD54 /* Controller */,
				D967F90524E679FE00D1BD54 /* View */,
				D967F8FD24E6798D00D1BD54 /* Info.plist */,
			);
			path = Clima;
			sourceTree = "<group>";
		};
		D967F90324E679EA00D1BD54 /* Controller */ = {
			isa = PBXGroup;
			children = (
				D967F90824E67B5600D1BD54 /* ChangeCityViewController.swift */,
				D967F8F324E6798C00D1BD54 /* WeatherViewController.swift */,
				D967F8F124E6798C00D1BD54 /* SceneDelegate.swift */,
				D967F8EF24E6798C00D1BD54 /* AppDelegate.swift */,
			);
			path = Controller;
			sourceTree = "<group>";
		};
		D967F90424E679F200D1BD54 /* Model */ = {
			isa = PBXGroup;
			children = (
				D967F90624E67A4600D1BD54 /* WeatherDataModel.swift */,
			);
			path = Model;
			sourceTree = "<group>";
		};
		D967F90524E679FE00D1BD54 /* View */ = {
			isa = PBXGroup;
			children = (
				D967F8F524E6798C00D1BD54 /* Main.storyboard */,
				D967F8FA24E6798D00D1BD54 /* LaunchScreen.storyboard */,
				D967F8F824E6798D00D1BD54 /* Assets.xcassets */,
			);
			path = View;
			sourceTree = "<group>";
		};
/* End PBXGroup section */

/* Begin PBXNativeTarget section */
		D967F8EB24E6798C00D1BD54 /* Clima */ = {
			isa = PBXNativeTarget;
			buildConfigurationList = D967F90024E6798D00D1BD54 /* Build configuration list for PBXNativeTarget "Clima" */;
			buildPhases = (
				81F106823EDA2C28265C9952 /* [CP] Check Pods Manifest.lock */,
				D967F8E824E6798C00D1BD54 /* Sources */,
				D967F8E924E6798C00D1BD54 /* Frameworks */,
				D967F8EA24E6798C00D1BD54 /* Resources */,
				5F5D566461B383FA03FC8ECE /* [CP] Embed Pods Frameworks */,
			);
			buildRules = (
			);
			dependencies = (
			);
			name = Clima;
			productName = Clima;
			productReference = D967F8EC24E6798C00D1BD54 /* Clima.app */;
			productType = "com.apple.product-type.application";
		};
/* End PBXNativeTarget section */

/* Begin PBXProject section */
		D967F8E424E6798C00D1BD54 /* Project object */ = {
			isa = PBXProject;
			attributes = {
				LastSwiftUpdateCheck = 1110;
				LastUpgradeCheck = 1110;
				ORGANIZATIONNAME = MohamedHamid;
				TargetAttributes = {
					D967F8EB24E6798C00D1BD54 = {
						CreatedOnToolsVersion = 11.1;
					};
				};
			};
			buildConfigurationList = D967F8E724E6798C00D1BD54 /* Build configuration list for PBXProject "Clima" */;
			compatibilityVersion = "Xcode 9.3";
			developmentRegion = en;
			hasScannedForEncodings = 0;
			knownRegions = (
				en,
				Base,
			);
			mainGroup = D967F8E324E6798C00D1BD54;
			productRefGroup = D967F8ED24E6798C00D1BD54 /* Products */;
			projectDirPath = "";
			projectRoot = "";
			targets = (
				D967F8EB24E6798C00D1BD54 /* Clima */,
			);
		};
/* End PBXProject section */

/* Begin PBXResourcesBuildPhase section */
		D967F8EA24E6798C00D1BD54 /* Resources */ = {
			isa = PBXResourcesBuildPhase;
			buildActionMask = 2147483647;
			files = (
				D967F8FC24E6798D00D1BD54 /* LaunchScreen.storyboard in Resources */,
				D967F8F924E6798D00D1BD54 /* Assets.xcassets in Resources */,
				D967F8F724E6798C00D1BD54 /* Main.storyboard in Resources */,
			);
			runOnlyForDeploymentPostprocessing = 0;
		};
/* End PBXResourcesBuildPhase section */

/* Begin PBXShellScriptBuildPhase section */
		5F5D566461B383FA03FC8ECE /* [CP] Embed Pods Frameworks */ = {
			isa = PBXShellScriptBuildPhase;
			buildActionMask = 2147483647;
			files = (
			);
			inputFileListPaths = (
				"${PODS_ROOT}/Target Support Files/Pods-Clima/Pods-Clima-frameworks-${CONFIGURATION}-input-files.xcfilelist",
			);
			name = "[CP] Embed Pods Frameworks";
			outputFileListPaths = (
				"${PODS_ROOT}/Target Support Files/Pods-Clima/Pods-Clima-frameworks-${CONFIGURATION}-output-files.xcfilelist",
			);
			runOnlyForDeploymentPostprocessing = 0;
			shellPath = /bin/sh;
			shellScript = "\"${PODS_ROOT}/Target Support Files/Pods-Clima/Pods-Clima-frameworks.sh\"\n";
			showEnvVarsInLog = 0;
		};
		81F106823EDA2C28265C9952 /* [CP] Check Pods Manifest.lock */ = {
			isa = PBXShellScriptBuildPhase;
			buildActionMask = 2147483647;
			files = (
			);
			inputFileListPaths = (
			);
			inputPaths = (
				"${PODS_PODFILE_DIR_PATH}/Podfile.lock",
				"${PODS_ROOT}/Manifest.lock",
			);
			name = "[CP] Check Pods Manifest.lock";
			outputFileListPaths = (
			);
			outputPaths = (
				"$(DERIVED_FILE_DIR)/Pods-Clima-checkManifestLockResult.txt",
			);
			runOnlyForDeploymentPostprocessing = 0;
			shellPath = /bin/sh;
			shellScript = "diff \"${PODS_PODFILE_DIR_PATH}/Podfile.lock\" \"${PODS_ROOT}/Manifest.lock\" > /dev/null\nif [ $? != 0 ] ; then\n    # print error to STDERR\n    echo \"error: The sandbox is not in sync with the Podfile.lock. Run 'pod install' or update your CocoaPods installation.\" >&2\n    exit 1\nfi\n# This output is used by Xcode 'outputs' to avoid re-running this script phase.\necho \"SUCCESS\" > \"${SCRIPT_OUTPUT_FILE_0}\"\n";
			showEnvVarsInLog = 0;
		};
/* End PBXShellScriptBuildPhase section */

/* Begin PBXSourcesBuildPhase section */
		D967F8E824E6798C00D1BD54 /* Sources */ = {
			isa = PBXSourcesBuildPhase;
			buildActionMask = 2147483647;
			files = (
				D967F90724E67A4600D1BD54 /* WeatherDataModel.swift in Sources */,
				D967F8F424E6798C00D1BD54 /* WeatherViewController.swift in Sources */,
				D967F8F024E6798C00D1BD54 /* AppDelegate.swift in Sources */,
				D967F90924E67B5600D1BD54 /* ChangeCityViewController.swift in Sources */,
				D967F8F224E6798C00D1BD54 /* SceneDelegate.swift in Sources */,
			);
			runOnlyForDeploymentPostprocessing = 0;
		};
/* End PBXSourcesBuildPhase section */

/* Begin PBXVariantGroup section */
		D967F8F524E6798C00D1BD54 /* Main.storyboard */ = {
			isa = PBXVariantGroup;
			children = (
				D967F8F624E6798C00D1BD54 /* Base */,
			);
			name = Main.storyboard;
			sourceTree = "<group>";
		};
		D967F8FA24E6798D00D1BD54 /* LaunchScreen.storyboard */ = {
			isa = PBXVariantGroup;
			children = (
				D967F8FB24E6798D00D1BD54 /* Base */,
			);
			name = LaunchScreen.storyboard;
			sourceTree = "<group>";
		};
/* End PBXVariantGroup section */

/* Begin XCBuildConfiguration section */
		D967F8FE24E6798D00D1BD54 /* Debug */ = {
			isa = XCBuildConfiguration;
			buildSettings = {
				ALWAYS_SEARCH_USER_PATHS = NO;
				CLANG_ANALYZER_NONNULL = YES;
				CLANG_ANALYZER_NUMBER_OBJECT_CONVERSION = YES_AGGRESSIVE;
				CLANG_CXX_LANGUAGE_STANDARD = "gnu++14";
				CLANG_CXX_LIBRARY = "libc++";
				CLANG_ENABLE_MODULES = YES;
				CLANG_ENABLE_OBJC_ARC = YES;
				CLANG_ENABLE_OBJC_WEAK = YES;
				CLANG_WARN_BLOCK_CAPTURE_AUTORELEASING = YES;
				CLANG_WARN_BOOL_CONVERSION = YES;
				CLANG_WARN_COMMA = YES;
				CLANG_WARN_CONSTANT_CONVERSION = YES;
				CLANG_WARN_DEPRECATED_OBJC_IMPLEMENTATIONS = YES;
				CLANG_WARN_DIRECT_OBJC_ISA_USAGE = YES_ERROR;
				CLANG_WARN_DOCUMENTATION_COMMENTS = YES;
				CLANG_WARN_EMPTY_BODY = YES;
				CLANG_WARN_ENUM_CONVERSION = YES;
				CLANG_WARN_INFINITE_RECURSION = YES;
				CLANG_WARN_INT_CONVERSION = YES;
				CLANG_WARN_NON_LITERAL_NULL_CONVERSION = YES;
				CLANG_WARN_OBJC_IMPLICIT_RETAIN_SELF = YES;
				CLANG_WARN_OBJC_LITERAL_CONVERSION = YES;
				CLANG_WARN_OBJC_ROOT_CLASS = YES_ERROR;
				CLANG_WARN_RANGE_LOOP_ANALYSIS = YES;
				CLANG_WARN_STRICT_PROTOTYPES = YES;
				CLANG_WARN_SUSPICIOUS_MOVE = YES;
				CLANG_WARN_UNGUARDED_AVAILABILITY = YES_AGGRESSIVE;
				CLANG_WARN_UNREACHABLE_CODE = YES;
				CLANG_WARN__DUPLICATE_METHOD_MATCH = YES;
				COPY_PHASE_STRIP = NO;
				DEBUG_INFORMATION_FORMAT = dwarf;
				ENABLE_STRICT_OBJC_MSGSEND = YES;
				ENABLE_TESTABILITY = YES;
				GCC_C_LANGUAGE_STANDARD = gnu11;
				GCC_DYNAMIC_NO_PIC = NO;
				GCC_NO_COMMON_BLOCKS = YES;
				GCC_OPTIMIZATION_LEVEL = 0;
				GCC_PREPROCESSOR_DEFINITIONS = (
					"DEBUG=1",
					"$(inherited)",
				);
				GCC_WARN_64_TO_32_BIT_CONVERSION = YES;
				GCC_WARN_ABOUT_RETURN_TYPE = YES_ERROR;
				GCC_WARN_UNDECLARED_SELECTOR = YES;
				GCC_WARN_UNINITIALIZED_AUTOS = YES_AGGRESSIVE;
				GCC_WARN_UNUSED_FUNCTION = YES;
				GCC_WARN_UNUSED_VARIABLE = YES;
				IPHONEOS_DEPLOYMENT_TARGET = 13.1;
				MTL_ENABLE_DEBUG_INFO = INCLUDE_SOURCE;
				MTL_FAST_MATH = YES;
				ONLY_ACTIVE_ARCH = YES;
				SDKROOT = iphoneos;
				SWIFT_ACTIVE_COMPILATION_CONDITIONS = DEBUG;
				SWIFT_OPTIMIZATION_LEVEL = "-Onone";
			};
			name = Debug;
		};
		D967F8FF24E6798D00D1BD54 /* Release */ = {
			isa = XCBuildConfiguration;
			buildSettings = {
				ALWAYS_SEARCH_USER_PATHS = NO;
				CLANG_ANALYZER_NONNULL = YES;
				CLANG_ANALYZER_NUMBER_OBJECT_CONVERSION = YES_AGGRESSIVE;
				CLANG_CXX_LANGUAGE_STANDARD = "gnu++14";
				CLANG_CXX_LIBRARY = "libc++";
				CLANG_ENABLE_MODULES = YES;
				CLANG_ENABLE_OBJC_ARC = YES;
				CLANG_ENABLE_OBJC_WEAK = YES;
				CLANG_WARN_BLOCK_CAPTURE_AUTORELEASING = YES;
				CLANG_WARN_BOOL_CONVERSION = YES;
				CLANG_WARN_COMMA = YES;
				CLANG_WARN_CONSTANT_CONVERSION = YES;
				CLANG_WARN_DEPRECATED_OBJC_IMPLEMENTATIONS = YES;
				CLANG_WARN_DIRECT_OBJC_ISA_USAGE = YES_ERROR;
				CLANG_WARN_DOCUMENTATION_COMMENTS = YES;
				CLANG_WARN_EMPTY_BODY = YES;
				CLANG_WARN_ENUM_CONVERSION = YES;
				CLANG_WARN_INFINITE_RECURSION = YES;
				CLANG_WARN_INT_CONVERSION = YES;
				CLANG_WARN_NON_LITERAL_NULL_CONVERSION = YES;
				CLANG_WARN_OBJC_IMPLICIT_RETAIN_SELF = YES;
				CLANG_WARN_OBJC_LITERAL_CONVERSION = YES;
				CLANG_WARN_OBJC_ROOT_CLASS = YES_ERROR;
				CLANG_WARN_RANGE_LOOP_ANALYSIS = YES;
				CLANG_WARN_STRICT_PROTOTYPES = YES;
				CLANG_WARN_SUSPICIOUS_MOVE = YES;
				CLANG_WARN_UNGUARDED_AVAILABILITY = YES_AGGRESSIVE;
				CLANG_WARN_UNREACHABLE_CODE = YES;
				CLANG_WARN__DUPLICATE_METHOD_MATCH = YES;
				COPY_PHASE_STRIP = NO;
				DEBUG_INFORMATION_FORMAT = "dwarf-with-dsym";
				ENABLE_NS_ASSERTIONS = NO;
				ENABLE_STRICT_OBJC_MSGSEND = YES;
				GCC_C_LANGUAGE_STANDARD = gnu11;
				GCC_NO_COMMON_BLOCKS = YES;
				GCC_WARN_64_TO_32_BIT_CONVERSION = YES;
				GCC_WARN_ABOUT_RETURN_TYPE = YES_ERROR;
				GCC_WARN_UNDECLARED_SELECTOR = YES;
				GCC_WARN_UNINITIALIZED_AUTOS = YES_AGGRESSIVE;
				GCC_WARN_UNUSED_FUNCTION = YES;
				GCC_WARN_UNUSED_VARIABLE = YES;
				IPHONEOS_DEPLOYMENT_TARGET = 13.1;
				MTL_ENABLE_DEBUG_INFO = NO;
				MTL_FAST_MATH = YES;
				SDKROOT = iphoneos;
				SWIFT_COMPILATION_MODE = wholemodule;
				SWIFT_OPTIMIZATION_LEVEL = "-O";
				VALIDATE_PRODUCT = YES;
			};
			name = Release;
		};
		D967F90124E6798D00D1BD54 /* Debug */ = {
			isa = XCBuildConfiguration;
			baseConfigurationReference = FB1C62979143B63BB5256950 /* Pods-Clima.debug.xcconfig */;
			buildSettings = {
				ASSETCATALOG_COMPILER_APPICON_NAME = AppIcon;
				CODE_SIGN_STYLE = Automatic;
				INFOPLIST_FILE = Clima/Info.plist;
				LD_RUNPATH_SEARCH_PATHS = (
					"$(inherited)",
					"@executable_path/Frameworks",
				);
				PRODUCT_BUNDLE_IDENTIFIER = MohammedHamid.Clima;
				PRODUCT_NAME = "$(TARGET_NAME)";
				SWIFT_VERSION = 5.0;
				TARGETED_DEVICE_FAMILY = "1,2";
			};
			name = Debug;
		};
		D967F90224E6798D00D1BD54 /* Release */ = {
			isa = XCBuildConfiguration;
			baseConfigurationReference = 33A7209D0A7E6F1F843EF70B /* Pods-Clima.release.xcconfig */;
			buildSettings = {
				ASSETCATALOG_COMPILER_APPICON_NAME = AppIcon;
				CODE_SIGN_STYLE = Automatic;
				INFOPLIST_FILE = Clima/Info.plist;
				LD_RUNPATH_SEARCH_PATHS = (
					"$(inherited)",
					"@executable_path/Frameworks",
				);
				PRODUCT_BUNDLE_IDENTIFIER = MohammedHamid.Clima;
				PRODUCT_NAME = "$(TARGET_NAME)";
				SWIFT_VERSION = 5.0;
				TARGETED_DEVICE_FAMILY = "1,2";
			};
			name = Release;
		};
/* End XCBuildConfiguration section */

/* Begin XCConfigurationList section */
		D967F8E724E6798C00D1BD54 /* Build configuration list for PBXProject "Clima" */ = {
			isa = XCConfigurationList;
			buildConfigurations = (
				D967F8FE24E6798D00D1BD54 /* Debug */,
				D967F8FF24E6798D00D1BD54 /* Release */,
			);
			defaultConfigurationIsVisible = 0;
			defaultConfigurationName = Release;
		};
		D967F90024E6798D00D1BD54 /* Build configuration list for PBXNativeTarget "Clima" */ = {
			isa = XCConfigurationList;
			buildConfigurations = (
				D967F90124E6798D00D1BD54 /* Debug */,
				D967F90224E6798D00D1BD54 /* Release */,
			);
			defaultConfigurationIsVisible = 0;
			defaultConfigurationName = Release;
		};
/* End XCConfigurationList section */
	};
	rootObject = D967F8E424E6798C00D1BD54 /* Project object */;
}
